// !$*UTF8*$!
{
	archiveVersion = 1;
	classes = {
	};
	objectVersion = 56;
	objects = {

/* Begin PBXBuildFile section */
		B629AF39296A2A7000772D97 /* Cadance Watch App.app in Embed Watch Content */ = {isa = PBXBuildFile; fileRef = B629AF38296A2A7000772D97 /* Cadance Watch App.app */; settings = {ATTRIBUTES = (RemoveHeadersOnCopy, ); }; };
		B629AF3E296A2A7000772D97 /* CadanceApp.swift in Sources */ = {isa = PBXBuildFile; fileRef = B629AF3D296A2A7000772D97 /* CadanceApp.swift */; };
		B629AF40296A2A7000772D97 /* Player.swift in Sources */ = {isa = PBXBuildFile; fileRef = B629AF3F296A2A7000772D97 /* Player.swift */; };
		B629AF42296A2A7200772D97 /* Assets.xcassets in Resources */ = {isa = PBXBuildFile; fileRef = B629AF41296A2A7200772D97 /* Assets.xcassets */; };
		B629AF45296A2A7200772D97 /* Preview Assets.xcassets in Resources */ = {isa = PBXBuildFile; fileRef = B629AF44296A2A7200772D97 /* Preview Assets.xcassets */; };
		B642DB32296A744A00A6F4B3 /* Metronome.swift in Sources */ = {isa = PBXBuildFile; fileRef = B642DB31296A744A00A6F4B3 /* Metronome.swift */; };
		B6A19835296B42F200C05454 /* sources.txt in Resources */ = {isa = PBXBuildFile; fileRef = B6A19834296B42F200C05454 /* sources.txt */; };
		B6B3BD442A02BFEC00CDDCC8 /* beat.m4a in Resources */ = {isa = PBXBuildFile; fileRef = B6B3BD432A02BFEC00CDDCC8 /* beat.m4a */; };
/* End PBXBuildFile section */

/* Begin PBXContainerItemProxy section */
		B629AF3A296A2A7000772D97 /* PBXContainerItemProxy */ = {
			isa = PBXContainerItemProxy;
			containerPortal = B629AF2C296A2A6F00772D97 /* Project object */;
			proxyType = 1;
			remoteGlobalIDString = B629AF37296A2A7000772D97;
			remoteInfo = "Cadance Watch App";
		};
/* End PBXContainerItemProxy section */

/* Begin PBXCopyFilesBuildPhase section */
		B629AF4B296A2A7200772D97 /* Embed Watch Content */ = {
			isa = PBXCopyFilesBuildPhase;
			buildActionMask = 2147483647;
			dstPath = "$(CONTENTS_FOLDER_PATH)/Watch";
			dstSubfolderSpec = 16;
			files = (
				B629AF39296A2A7000772D97 /* Cadance Watch App.app in Embed Watch Content */,
			);
			name = "Embed Watch Content";
			runOnlyForDeploymentPostprocessing = 0;
		};
/* End PBXCopyFilesBuildPhase section */

/* Begin PBXFileReference section */
		B629AF32296A2A7000772D97 /* Cadance.app */ = {isa = PBXFileReference; explicitFileType = wrapper.application; includeInIndex = 0; path = Cadance.app; sourceTree = BUILT_PRODUCTS_DIR; };
		B629AF38296A2A7000772D97 /* Cadance Watch App.app */ = {isa = PBXFileReference; explicitFileType = wrapper.application; includeInIndex = 0; path = "Cadance Watch App.app"; sourceTree = BUILT_PRODUCTS_DIR; };
		B629AF3D296A2A7000772D97 /* CadanceApp.swift */ = {isa = PBXFileReference; lastKnownFileType = sourcecode.swift; path = CadanceApp.swift; sourceTree = "<group>"; };
		B629AF3F296A2A7000772D97 /* Player.swift */ = {isa = PBXFileReference; lastKnownFileType = sourcecode.swift; path = Player.swift; sourceTree = "<group>"; };
		B629AF41296A2A7200772D97 /* Assets.xcassets */ = {isa = PBXFileReference; lastKnownFileType = folder.assetcatalog; path = Assets.xcassets; sourceTree = "<group>"; };
		B629AF44296A2A7200772D97 /* Preview Assets.xcassets */ = {isa = PBXFileReference; lastKnownFileType = folder.assetcatalog; path = "Preview Assets.xcassets"; sourceTree = "<group>"; };
		B642DB31296A744A00A6F4B3 /* Metronome.swift */ = {isa = PBXFileReference; lastKnownFileType = sourcecode.swift; path = Metronome.swift; sourceTree = "<group>"; };
		B6A19834296B42F200C05454 /* sources.txt */ = {isa = PBXFileReference; lastKnownFileType = text; path = sources.txt; sourceTree = "<group>"; };
		B6A19837296B4E1E00C05454 /* Cadance-Watch-App-Info.plist */ = {isa = PBXFileReference; lastKnownFileType = text.plist; path = "Cadance-Watch-App-Info.plist"; sourceTree = SOURCE_ROOT; };
		B6B3BD432A02BFEC00CDDCC8 /* beat.m4a */ = {isa = PBXFileReference; lastKnownFileType = file; path = beat.m4a; sourceTree = "<group>"; };
/* End PBXFileReference section */

/* Begin PBXFrameworksBuildPhase section */
		B629AF35296A2A7000772D97 /* Frameworks */ = {
			isa = PBXFrameworksBuildPhase;
			buildActionMask = 2147483647;
			files = (
			);
			runOnlyForDeploymentPostprocessing = 0;
		};
/* End PBXFrameworksBuildPhase section */

/* Begin PBXGroup section */
		B629AF2B296A2A6F00772D97 = {
			isa = PBXGroup;
			children = (
				B629AF3C296A2A7000772D97 /* Cadance Watch App */,
				B629AF33296A2A7000772D97 /* Products */,
			);
			sourceTree = "<group>";
		};
		B629AF33296A2A7000772D97 /* Products */ = {
			isa = PBXGroup;
			children = (
				B629AF32296A2A7000772D97 /* Cadance.app */,
				B629AF38296A2A7000772D97 /* Cadance Watch App.app */,
			);
			name = Products;
			sourceTree = "<group>";
		};
		B629AF3C296A2A7000772D97 /* Cadance Watch App */ = {
			isa = PBXGroup;
			children = (
				B629AF3D296A2A7000772D97 /* CadanceApp.swift */,
				B629AF3F296A2A7000772D97 /* Player.swift */,
				B642DB31296A744A00A6F4B3 /* Metronome.swift */,
				B6A19836296B440500C05454 /* Sounds */,
				B629AF41296A2A7200772D97 /* Assets.xcassets */,
				B6A19837296B4E1E00C05454 /* Cadance-Watch-App-Info.plist */,
				B629AF43296A2A7200772D97 /* Preview Content */,
			);
			path = "Cadance Watch App";
			sourceTree = "<group>";
		};
		B629AF43296A2A7200772D97 /* Preview Content */ = {
			isa = PBXGroup;
			children = (
				B629AF44296A2A7200772D97 /* Preview Assets.xcassets */,
			);
			path = "Preview Content";
			sourceTree = "<group>";
		};
		B6A19836296B440500C05454 /* Sounds */ = {
			isa = PBXGroup;
			children = (
				B6A19834296B42F200C05454 /* sources.txt */,
				B6B3BD432A02BFEC00CDDCC8 /* beat.m4a */,
			);
			path = Sounds;
			sourceTree = "<group>";
		};
/* End PBXGroup section */

/* Begin PBXNativeTarget section */
		B629AF31296A2A7000772D97 /* Cadance */ = {
			isa = PBXNativeTarget;
			buildConfigurationList = B629AF4C296A2A7200772D97 /* Build configuration list for PBXNativeTarget "Cadance" */;
			buildPhases = (
				B629AF30296A2A7000772D97 /* Resources */,
				B629AF4B296A2A7200772D97 /* Embed Watch Content */,
			);
			buildRules = (
			);
			dependencies = (
				B629AF3B296A2A7000772D97 /* PBXTargetDependency */,
			);
			name = Cadance;
			productName = Cadance;
			productReference = B629AF32296A2A7000772D97 /* Cadance.app */;
			productType = "com.apple.product-type.application.watchapp2-container";
		};
		B629AF37296A2A7000772D97 /* Cadance Watch App */ = {
			isa = PBXNativeTarget;
			buildConfigurationList = B629AF48296A2A7200772D97 /* Build configuration list for PBXNativeTarget "Cadance Watch App" */;
			buildPhases = (
				B629AF34296A2A7000772D97 /* Sources */,
				B629AF35296A2A7000772D97 /* Frameworks */,
				B629AF36296A2A7000772D97 /* Resources */,
			);
			buildRules = (
			);
			dependencies = (
			);
			name = "Cadance Watch App";
			productName = "Cadance Watch App";
			productReference = B629AF38296A2A7000772D97 /* Cadance Watch App.app */;
			productType = "com.apple.product-type.application";
		};
/* End PBXNativeTarget section */

/* Begin PBXProject section */
		B629AF2C296A2A6F00772D97 /* Project object */ = {
			isa = PBXProject;
			attributes = {
				BuildIndependentTargetsInParallel = 1;
				LastSwiftUpdateCheck = 1410;
				LastUpgradeCheck = 1420;
				TargetAttributes = {
					B629AF31296A2A7000772D97 = {
						CreatedOnToolsVersion = 14.1;
					};
					B629AF37296A2A7000772D97 = {
						CreatedOnToolsVersion = 14.1;
					};
				};
			};
			buildConfigurationList = B629AF2F296A2A6F00772D97 /* Build configuration list for PBXProject "Cadance" */;
			compatibilityVersion = "Xcode 14.0";
			developmentRegion = en;
			hasScannedForEncodings = 0;
			knownRegions = (
				en,
				Base,
			);
			mainGroup = B629AF2B296A2A6F00772D97;
			productRefGroup = B629AF33296A2A7000772D97 /* Products */;
			projectDirPath = "";
			projectRoot = "";
			targets = (
				B629AF31296A2A7000772D97 /* Cadance */,
				B629AF37296A2A7000772D97 /* Cadance Watch App */,
			);
		};
/* End PBXProject section */

/* Begin PBXResourcesBuildPhase section */
		B629AF30296A2A7000772D97 /* Resources */ = {
			isa = PBXResourcesBuildPhase;
			buildActionMask = 2147483647;
			files = (
			);
			runOnlyForDeploymentPostprocessing = 0;
		};
		B629AF36296A2A7000772D97 /* Resources */ = {
			isa = PBXResourcesBuildPhase;
			buildActionMask = 2147483647;
			files = (
				B629AF45296A2A7200772D97 /* Preview Assets.xcassets in Resources */,
				B6A19835296B42F200C05454 /* sources.txt in Resources */,
				B6B3BD442A02BFEC00CDDCC8 /* beat.m4a in Resources */,
				B629AF42296A2A7200772D97 /* Assets.xcassets in Resources */,
			);
			runOnlyForDeploymentPostprocessing = 0;
		};
/* End PBXResourcesBuildPhase section */

/* Begin PBXSourcesBuildPhase section */
		B629AF34296A2A7000772D97 /* Sources */ = {
			isa = PBXSourcesBuildPhase;
			buildActionMask = 2147483647;
			files = (
				B642DB32296A744A00A6F4B3 /* Metronome.swift in Sources */,
				B629AF40296A2A7000772D97 /* Player.swift in Sources */,
				B629AF3E296A2A7000772D97 /* CadanceApp.swift in Sources */,
			);
			runOnlyForDeploymentPostprocessing = 0;
		};
/* End PBXSourcesBuildPhase section */

/* Begin PBXTargetDependency section */
		B629AF3B296A2A7000772D97 /* PBXTargetDependency */ = {
			isa = PBXTargetDependency;
			target = B629AF37296A2A7000772D97 /* Cadance Watch App */;
			targetProxy = B629AF3A296A2A7000772D97 /* PBXContainerItemProxy */;
		};
/* End PBXTargetDependency section */

/* Begin XCBuildConfiguration section */
		B629AF46296A2A7200772D97 /* Debug */ = {
			isa = XCBuildConfiguration;
			buildSettings = {
				ALWAYS_SEARCH_USER_PATHS = NO;
				CLANG_ANALYZER_NONNULL = YES;
				CLANG_ANALYZER_NUMBER_OBJECT_CONVERSION = YES_AGGRESSIVE;
				CLANG_CXX_LANGUAGE_STANDARD = "gnu++20";
				CLANG_ENABLE_MODULES = YES;
				CLANG_ENABLE_OBJC_ARC = YES;
				CLANG_ENABLE_OBJC_WEAK = YES;
				CLANG_WARN_BLOCK_CAPTURE_AUTORELEASING = YES;
				CLANG_WARN_BOOL_CONVERSION = YES;
				CLANG_WARN_COMMA = YES;
				CLANG_WARN_CONSTANT_CONVERSION = YES;
				CLANG_WARN_DEPRECATED_OBJC_IMPLEMENTATIONS = YES;
				CLANG_WARN_DIRECT_OBJC_ISA_USAGE = YES_ERROR;
				CLANG_WARN_DOCUMENTATION_COMMENTS = YES;
				CLANG_WARN_EMPTY_BODY = YES;
				CLANG_WARN_ENUM_CONVERSION = YES;
				CLANG_WARN_INFINITE_RECURSION = YES;
				CLANG_WARN_INT_CONVERSION = YES;
				CLANG_WARN_NON_LITERAL_NULL_CONVERSION = YES;
				CLANG_WARN_OBJC_IMPLICIT_RETAIN_SELF = YES;
				CLANG_WARN_OBJC_LITERAL_CONVERSION = YES;
				CLANG_WARN_OBJC_ROOT_CLASS = YES_ERROR;
				CLANG_WARN_QUOTED_INCLUDE_IN_FRAMEWORK_HEADER = YES;
				CLANG_WARN_RANGE_LOOP_ANALYSIS = YES;
				CLANG_WARN_STRICT_PROTOTYPES = YES;
				CLANG_WARN_SUSPICIOUS_MOVE = YES;
				CLANG_WARN_UNGUARDED_AVAILABILITY = YES_AGGRESSIVE;
				CLANG_WARN_UNREACHABLE_CODE = YES;
				CLANG_WARN__DUPLICATE_METHOD_MATCH = YES;
				COPY_PHASE_STRIP = NO;
				DEAD_CODE_STRIPPING = YES;
				DEBUG_INFORMATION_FORMAT = dwarf;
				ENABLE_STRICT_OBJC_MSGSEND = YES;
				ENABLE_TESTABILITY = YES;
				GCC_C_LANGUAGE_STANDARD = gnu11;
				GCC_DYNAMIC_NO_PIC = NO;
				GCC_NO_COMMON_BLOCKS = YES;
				GCC_OPTIMIZATION_LEVEL = 0;
				GCC_PREPROCESSOR_DEFINITIONS = (
					"DEBUG=1",
					"$(inherited)",
				);
				GCC_WARN_64_TO_32_BIT_CONVERSION = YES;
				GCC_WARN_ABOUT_RETURN_TYPE = YES_ERROR;
				GCC_WARN_UNDECLARED_SELECTOR = YES;
				GCC_WARN_UNINITIALIZED_AUTOS = YES_AGGRESSIVE;
				GCC_WARN_UNUSED_FUNCTION = YES;
				GCC_WARN_UNUSED_VARIABLE = YES;
				MTL_ENABLE_DEBUG_INFO = INCLUDE_SOURCE;
				MTL_FAST_MATH = YES;
				ONLY_ACTIVE_ARCH = YES;
				SWIFT_ACTIVE_COMPILATION_CONDITIONS = DEBUG;
				SWIFT_OPTIMIZATION_LEVEL = "-Onone";
			};
			name = Debug;
		};
		B629AF47296A2A7200772D97 /* Release */ = {
			isa = XCBuildConfiguration;
			buildSettings = {
				ALWAYS_SEARCH_USER_PATHS = NO;
				CLANG_ANALYZER_NONNULL = YES;
				CLANG_ANALYZER_NUMBER_OBJECT_CONVERSION = YES_AGGRESSIVE;
				CLANG_CXX_LANGUAGE_STANDARD = "gnu++20";
				CLANG_ENABLE_MODULES = YES;
				CLANG_ENABLE_OBJC_ARC = YES;
				CLANG_ENABLE_OBJC_WEAK = YES;
				CLANG_WARN_BLOCK_CAPTURE_AUTORELEASING = YES;
				CLANG_WARN_BOOL_CONVERSION = YES;
				CLANG_WARN_COMMA = YES;
				CLANG_WARN_CONSTANT_CONVERSION = YES;
				CLANG_WARN_DEPRECATED_OBJC_IMPLEMENTATIONS = YES;
				CLANG_WARN_DIRECT_OBJC_ISA_USAGE = YES_ERROR;
				CLANG_WARN_DOCUMENTATION_COMMENTS = YES;
				CLANG_WARN_EMPTY_BODY = YES;
				CLANG_WARN_ENUM_CONVERSION = YES;
				CLANG_WARN_INFINITE_RECURSION = YES;
				CLANG_WARN_INT_CONVERSION = YES;
				CLANG_WARN_NON_LITERAL_NULL_CONVERSION = YES;
				CLANG_WARN_OBJC_IMPLICIT_RETAIN_SELF = YES;
				CLANG_WARN_OBJC_LITERAL_CONVERSION = YES;
				CLANG_WARN_OBJC_ROOT_CLASS = YES_ERROR;
				CLANG_WARN_QUOTED_INCLUDE_IN_FRAMEWORK_HEADER = YES;
				CLANG_WARN_RANGE_LOOP_ANALYSIS = YES;
				CLANG_WARN_STRICT_PROTOTYPES = YES;
				CLANG_WARN_SUSPICIOUS_MOVE = YES;
				CLANG_WARN_UNGUARDED_AVAILABILITY = YES_AGGRESSIVE;
				CLANG_WARN_UNREACHABLE_CODE = YES;
				CLANG_WARN__DUPLICATE_METHOD_MATCH = YES;
				COPY_PHASE_STRIP = NO;
				DEAD_CODE_STRIPPING = YES;
				DEBUG_INFORMATION_FORMAT = "dwarf-with-dsym";
				ENABLE_NS_ASSERTIONS = NO;
				ENABLE_STRICT_OBJC_MSGSEND = YES;
				GCC_C_LANGUAGE_STANDARD = gnu11;
				GCC_NO_COMMON_BLOCKS = YES;
				GCC_WARN_64_TO_32_BIT_CONVERSION = YES;
				GCC_WARN_ABOUT_RETURN_TYPE = YES_ERROR;
				GCC_WARN_UNDECLARED_SELECTOR = YES;
				GCC_WARN_UNINITIALIZED_AUTOS = YES_AGGRESSIVE;
				GCC_WARN_UNUSED_FUNCTION = YES;
				GCC_WARN_UNUSED_VARIABLE = YES;
				MTL_ENABLE_DEBUG_INFO = NO;
				MTL_FAST_MATH = YES;
				SWIFT_COMPILATION_MODE = wholemodule;
				SWIFT_OPTIMIZATION_LEVEL = "-O";
			};
			name = Release;
		};
		B629AF49296A2A7200772D97 /* Debug */ = {
			isa = XCBuildConfiguration;
			buildSettings = {
				ASSETCATALOG_COMPILER_APPICON_NAME = AppIcon;
				ASSETCATALOG_COMPILER_GLOBAL_ACCENT_COLOR_NAME = AccentColor;
				CODE_SIGN_STYLE = Automatic;
				CURRENT_PROJECT_VERSION = 1;
				DEVELOPMENT_ASSET_PATHS = "\"Cadance Watch App/Preview Content\"";
				DEVELOPMENT_TEAM = 2T7578C428;
				ENABLE_PREVIEWS = YES;
				GENERATE_INFOPLIST_FILE = YES;
				INFOPLIST_FILE = "Cadance-Watch-App-Info.plist";
				INFOPLIST_KEY_CFBundleDisplayName = Cadance;
				INFOPLIST_KEY_UISupportedInterfaceOrientations = "UIInterfaceOrientationPortrait UIInterfaceOrientationPortraitUpsideDown";
				INFOPLIST_KEY_WKWatchOnly = YES;
				LD_RUNPATH_SEARCH_PATHS = (
					"$(inherited)",
					"@executable_path/Frameworks",
				);
				MARKETING_VERSION = 1.0;
				PRODUCT_BUNDLE_IDENTIFIER = com.bryanboateng.Cadance.watchkitapp;
				PRODUCT_NAME = "$(TARGET_NAME)";
				SDKROOT = watchos;
				SKIP_INSTALL = YES;
				SWIFT_EMIT_LOC_STRINGS = YES;
				SWIFT_VERSION = 5.0;
				TARGETED_DEVICE_FAMILY = 4;
				WATCHOS_DEPLOYMENT_TARGET = 9.1;
			};
			name = Debug;
		};
		B629AF4A296A2A7200772D97 /* Release */ = {
			isa = XCBuildConfiguration;
			buildSettings = {
				ASSETCATALOG_COMPILER_APPICON_NAME = AppIcon;
				ASSETCATALOG_COMPILER_GLOBAL_ACCENT_COLOR_NAME = AccentColor;
				CODE_SIGN_STYLE = Automatic;
				CURRENT_PROJECT_VERSION = 1;
				DEVELOPMENT_ASSET_PATHS = "\"Cadance Watch App/Preview Content\"";
				DEVELOPMENT_TEAM = 2T7578C428;
				ENABLE_PREVIEWS = YES;
				GENERATE_INFOPLIST_FILE = YES;
				INFOPLIST_FILE = "Cadance-Watch-App-Info.plist";
				INFOPLIST_KEY_CFBundleDisplayName = Cadance;
				INFOPLIST_KEY_UISupportedInterfaceOrientations = "UIInterfaceOrientationPortrait UIInterfaceOrientationPortraitUpsideDown";
				INFOPLIST_KEY_WKWatchOnly = YES;
				LD_RUNPATH_SEARCH_PATHS = (
					"$(inherited)",
					"@executable_path/Frameworks",
				);
				MARKETING_VERSION = 1.0;
				PRODUCT_BUNDLE_IDENTIFIER = com.bryanboateng.Cadance.watchkitapp;
				PRODUCT_NAME = "$(TARGET_NAME)";
				SDKROOT = watchos;
				SKIP_INSTALL = YES;
				SWIFT_EMIT_LOC_STRINGS = YES;
				SWIFT_VERSION = 5.0;
				TARGETED_DEVICE_FAMILY = 4;
				VALIDATE_PRODUCT = YES;
				WATCHOS_DEPLOYMENT_TARGET = 9.1;
			};
			name = Release;
		};
		B629AF4D296A2A7200772D97 /* Debug */ = {
			isa = XCBuildConfiguration;
			buildSettings = {
				ALWAYS_EMBED_SWIFT_STANDARD_LIBRARIES = YES;
				CODE_SIGN_STYLE = Automatic;
				CURRENT_PROJECT_VERSION = 1;
				DEVELOPMENT_TEAM = 2T7578C428;
				INFOPLIST_KEY_CFBundleDisplayName = Cadance;
				MARKETING_VERSION = 1.0;
				PRODUCT_BUNDLE_IDENTIFIER = com.bryanboateng.Cadance;
				PRODUCT_NAME = "$(TARGET_NAME)";
				SDKROOT = iphoneos;
				SWIFT_VERSION = 5.0;
			};
			name = Debug;
		};
		B629AF4E296A2A7200772D97 /* Release */ = {
			isa = XCBuildConfiguration;
			buildSettings = {
				ALWAYS_EMBED_SWIFT_STANDARD_LIBRARIES = YES;
				CODE_SIGN_STYLE = Automatic;
				CURRENT_PROJECT_VERSION = 1;
				DEVELOPMENT_TEAM = 2T7578C428;
				INFOPLIST_KEY_CFBundleDisplayName = Cadance;
				MARKETING_VERSION = 1.0;
				PRODUCT_BUNDLE_IDENTIFIER = com.bryanboateng.Cadance;
				PRODUCT_NAME = "$(TARGET_NAME)";
				SDKROOT = iphoneos;
				SWIFT_VERSION = 5.0;
				VALIDATE_PRODUCT = YES;
			};
			name = Release;
		};
/* End XCBuildConfiguration section */

/* Begin XCConfigurationList section */
		B629AF2F296A2A6F00772D97 /* Build configuration list for PBXProject "Cadance" */ = {
			isa = XCConfigurationList;
			buildConfigurations = (
				B629AF46296A2A7200772D97 /* Debug */,
				B629AF47296A2A7200772D97 /* Release */,
			);
			defaultConfigurationIsVisible = 0;
			defaultConfigurationName = Release;
		};
		B629AF48296A2A7200772D97 /* Build configuration list for PBXNativeTarget "Cadance Watch App" */ = {
			isa = XCConfigurationList;
			buildConfigurations = (
				B629AF49296A2A7200772D97 /* Debug */,
				B629AF4A296A2A7200772D97 /* Release */,
			);
			defaultConfigurationIsVisible = 0;
			defaultConfigurationName = Release;
		};
		B629AF4C296A2A7200772D97 /* Build configuration list for PBXNativeTarget "Cadance" */ = {
			isa = XCConfigurationList;
			buildConfigurations = (
				B629AF4D296A2A7200772D97 /* Debug */,
				B629AF4E296A2A7200772D97 /* Release */,
			);
			defaultConfigurationIsVisible = 0;
			defaultConfigurationName = Release;
		};
/* End XCConfigurationList section */
	};
	rootObject = B629AF2C296A2A6F00772D97 /* Project object */;
}
